{
  "name": "@userdashboard/stripe-subscriptions",
  "version": "1.0.78",
  "lockfileVersion": 1,
  "requires": true,
  "dependencies": {
    "@userdashboard/maxmind-geoip": {
      "version": "1.0.58",
      "resolved": "https://registry.npmjs.org/@userdashboard/maxmind-geoip/-/maxmind-geoip-1.0.58.tgz",
      "integrity": "sha512-rN87MP01G2+iaIxvCQEUGOsJ4htaqswXlQJKZSt7Iov2hn5sbJ7Ln3Qkv4hcGepGdZdaQ0Ww+KN11haRb+p0Fw==",
      "requires": {
        "maxmind": "^2.12.0"
      },
      "dependencies": {
        "big-integer": {
          "version": "1.6.45",
          "resolved": "https://registry.npmjs.org/big-integer/-/big-integer-1.6.45.tgz",
          "integrity": "sha512-nmb9E7oEtVJ7SmSCH/DeJobXyuRmaofkpoQSimMFu3HKJ5MADtM825SPLhDuWhZ6TElLAQtgJbQmBZuHIRlZoA=="
        },
        "maxmind": {
          "version": "2.12.0",
          "resolved": "https://registry.npmjs.org/maxmind/-/maxmind-2.12.0.tgz",
          "integrity": "sha512-gnLdeLg0GFYlrtPt2122RYrRUy8OWxrhYEDCORaUkr6AvKXnLfnNpsFmWUOBYkvZK17XX4NeuMwnjIQM9EcxTw==",
          "requires": {
            "big-integer": "^1.6.31",
            "tiny-lru": "^6.0.0"
          }
        },
        "tiny-lru": {
          "version": "6.1.0",
          "resolved": "https://registry.npmjs.org/tiny-lru/-/tiny-lru-6.1.0.tgz",
          "integrity": "sha512-lbz53M11ioFDKxPUBR2UVK7a8JolPZpSkzL0iXW60fpvU98P9+VqWQ7bGGJpGjqnIlILQzl9r+fikhqbcOs7bg=="
        }
      }
    },
    "qs": {
      "version": "6.9.3",
      "resolved": "https://registry.npmjs.org/qs/-/qs-6.9.3.tgz",
      "integrity": "sha512-EbZYNarm6138UKKq46tdx08Yo/q9ZhFoAXAI1meAFd2GtbRDhbZY2WQSICskT0c5q99aFzLG1D4nvTk9tqfXIw=="
    },
    "stripe": {
      "version": "7.15.0",
      "resolved": "https://registry.npmjs.org/stripe/-/stripe-7.15.0.tgz",
      "integrity": "sha512-TmouNGv1rIU7cgw7iFKjdQueJSwYKdPRPBuO7eNjrRliZUnsf2bpJqYe+n6ByarUJr38KmhLheVUxDyRawByPQ==",
      "requires": {
        "qs": "^6.6.0"
      }
    }
  }
}
